# THIS IS AN AUTOGENERATED FILE. DO NOT EDIT THIS FILE DIRECTLY.
# yarn lockfile v1

"@ampproject/remapping@^2.2.0":
  version "2.2.1"
  resolved "https://registry.yarnpkg.com/@ampproject/remapping/-/remapping-2.2.1.tgz#5b32d918817099b1ae1ea23b7b7f5b9e0f5d9e82"
  integrity sha512-lFMjJTrFL3j7L9yBxwYfCq2k6qqwHyzuUl/XBnif78PWTJYyL/dfowQHWE3sp6U6ZzqWiiIZnpTMO96zhkjwtg==
  dependencies:
    "@jridgewell/gen-mapping" "^0.3.0"
    "@jridgewell/trace-mapping" "^0.3.9"

react-native@0.72.6:
  version "0.72.6"
  resolved "https://registry.yarnpkg.com/react-native/-/react-native-0.72.6.tgz#84f5c1445d2b7ab27cb2d99de7e4acbf01ce1eaf"
  integrity sha512-RafPd2FXhLyl1AqcbSYJX4pPJzqRjK8irWk2xLMf6Ks0YN+jZ3jK2u+ksnRN+sB0yn7Fh1gVY/lKdA97mGf+WQ==
  dependencies:
    "@jest/create-cache-key-function" "^29.2.1"
    "@react-native-community/cli" "11.3.6"
    "@react-native-community/cli-platform-android" "11.3.6"
    "@react-native-community/cli-platform-ios" "11.3.6"
    "@react-native/assets-registry" "^0.72.0"
    "@react-native/codegen" "^0.72.6"
    "@react-native/gradle-plugin" "^0.72.11"
    "@react-native/js-polyfills" "^0.72.1"
    "@react-native/normalize-colors" "^0.72.0"
    "@react-native/virtualized-lists" "^0.72.6"
    "abort-controller" "^3.0.0"
    "anser" "^1.4.9"
    "base64-js" "^1.1.2"
    "deprecated-react-native-prop-types" "^4.1.0"
    "event-target-shim" "^5.0.1"
    "flow-enums-runtime" "^0.0.5"
    "invariant" "^2.2.4"
    "jest-environment-node" "^29.2.1"
    "jsc-android" "^250231.0.0"
    "memoize-one" "^5.0.0"
    "metro-runtime" "0.76.7"
    "metro-source-map" "0.76.7"
    "mkdirp" "^0.5.1"
    "nullthrows" "^1.1.1"
    "pretty-format" "^26.5.2"
    "promise" "^8.3.0"
    "react-devtools-core" "^4.27.2"
    "react-refresh" "^0.4.0"
    "react-shallow-renderer" "^16.15.0"
    "regenerator-runtime" "^0.13.2"
    "scheduler" "0.24.0-canary-efb381bbf-20230505"
    "stacktrace-parser" "^0.1.10"
    "use-sync-external-store" "^1.0.0"
    "whatwg-fetch" "^3.0.0"
    "ws" "^6.2.2"
    "yargs" "^17.6.2"

react@18.2.0:
  version "18.2.0"
  resolved "https://registry.yarnpkg.com/react/-/react-18.2.0.tgz#555bd98592883255fa00de14f1151a917b2d77d5"
  integrity sha512-/3IjMdb2L9QbBdWiW5e3P2/npwMBaU9mHCSCUzNln0ZCYbcf/TGbH1uVwwwaWnD1P0zZyI9lmNv+JvW7T99/Nw==
  dependencies:
    loose-envify "^1.1.0"
